// !$*UTF8*$!
{
	archiveVersion = 1;
	classes = {
	};
	objectVersion = 46;
	objects = {

/* Begin PBXBuildFile section */
		7ADCCD9A1D93BD5B00368F18 /* AppDelegate.swift in Sources */ = {isa = PBXBuildFile; fileRef = 7ADCCD991D93BD5B00368F18 /* AppDelegate.swift */; };
		7ADCCD9E1D93BD5B00368F18 /* Assets.xcassets in Resources */ = {isa = PBXBuildFile; fileRef = 7ADCCD9D1D93BD5B00368F18 /* Assets.xcassets */; };
		7ADCCDAC1D93BD5B00368F18 /* hahahahaTests.swift in Sources */ = {isa = PBXBuildFile; fileRef = 7ADCCDAB1D93BD5B00368F18 /* hahahahaTests.swift */; };
		7ADCCDB71D93BD5B00368F18 /* hahahahaUITests.swift in Sources */ = {isa = PBXBuildFile; fileRef = 7ADCCDB61D93BD5B00368F18 /* hahahahaUITests.swift */; };
		7AF6E0621DC083F4002C73CF /* statusMenu.xib in Resources */ = {isa = PBXBuildFile; fileRef = 7AF6E0611DC083F4002C73CF /* statusMenu.xib */; };
		7AF6E0641DC0E68B002C73CF /* Menu.xib in Resources */ = {isa = PBXBuildFile; fileRef = 7AF6E0631DC0E68B002C73CF /* Menu.xib */; };
		7AF6E0661DC0E756002C73CF /* MainMenu.xib in Resources */ = {isa = PBXBuildFile; fileRef = 7AF6E0651DC0E756002C73CF /* MainMenu.xib */; };
/* End PBXBuildFile section */

/* Begin PBXContainerItemProxy section */
		7ADCCDA81D93BD5B00368F18 /* PBXContainerItemProxy */ = {
			isa = PBXContainerItemProxy;
			containerPortal = 7ADCCD8E1D93BD5B00368F18 /* Project object */;
			proxyType = 1;
			remoteGlobalIDString = 7ADCCD951D93BD5B00368F18;
			remoteInfo = hahahaha;
		};
		7ADCCDB31D93BD5B00368F18 /* PBXContainerItemProxy */ = {
			isa = PBXContainerItemProxy;
			containerPortal = 7ADCCD8E1D93BD5B00368F18 /* Project object */;
			proxyType = 1;
			remoteGlobalIDString = 7ADCCD951D93BD5B00368F18;
			remoteInfo = hahahaha;
		};
/* End PBXContainerItemProxy section */

/* Begin PBXFileReference section */
		7ADCCD961D93BD5B00368F18 /* cashminer.app */ = {isa = PBXFileReference; explicitFileType = wrapper.application; includeInIndex = 0; path = cashminer.app; sourceTree = BUILT_PRODUCTS_DIR; };
		7ADCCD991D93BD5B00368F18 /* AppDelegate.swift */ = {isa = PBXFileReference; lastKnownFileType = sourcecode.swift; path = AppDelegate.swift; sourceTree = "<group>"; };
		7ADCCD9D1D93BD5B00368F18 /* Assets.xcassets */ = {isa = PBXFileReference; lastKnownFileType = folder.assetcatalog; path = Assets.xcassets; sourceTree = "<group>"; };
		7ADCCDA21D93BD5B00368F18 /* Info.plist */ = {isa = PBXFileReference; lastKnownFileType = text.plist.xml; path = Info.plist; sourceTree = "<group>"; };
		7ADCCDA71D93BD5B00368F18 /* cashminer.xctest */ = {isa = PBXFileReference; explicitFileType = wrapper.cfbundle; includeInIndex = 0; path = cashminer.xctest; sourceTree = BUILT_PRODUCTS_DIR; };
		7ADCCDAB1D93BD5B00368F18 /* hahahahaTests.swift */ = {isa = PBXFileReference; lastKnownFileType = sourcecode.swift; path = hahahahaTests.swift; sourceTree = "<group>"; };
		7ADCCDAD1D93BD5B00368F18 /* Info.plist */ = {isa = PBXFileReference; lastKnownFileType = text.plist.xml; path = Info.plist; sourceTree = "<group>"; };
		7ADCCDB21D93BD5B00368F18 /* cashminer.xctest */ = {isa = PBXFileReference; explicitFileType = wrapper.cfbundle; includeInIndex = 0; path = cashminer.xctest; sourceTree = BUILT_PRODUCTS_DIR; };
		7ADCCDB61D93BD5B00368F18 /* hahahahaUITests.swift */ = {isa = PBXFileReference; lastKnownFileType = sourcecode.swift; path = hahahahaUITests.swift; sourceTree = "<group>"; };
		7ADCCDB81D93BD5B00368F18 /* Info.plist */ = {isa = PBXFileReference; lastKnownFileType = text.plist.xml; path = Info.plist; sourceTree = "<group>"; };
		7AF6E0611DC083F4002C73CF /* statusMenu.xib */ = {isa = PBXFileReference; fileEncoding = 4; lastKnownFileType = file.xib; path = statusMenu.xib; sourceTree = "<group>"; };
		7AF6E0631DC0E68B002C73CF /* Menu.xib */ = {isa = PBXFileReference; fileEncoding = 4; lastKnownFileType = file.xib; path = Menu.xib; sourceTree = "<group>"; };
		7AF6E0651DC0E756002C73CF /* MainMenu.xib */ = {isa = PBXFileReference; fileEncoding = 4; lastKnownFileType = file.xib; path = MainMenu.xib; sourceTree = "<group>"; };
/* End PBXFileReference section */

/* Begin PBXFrameworksBuildPhase section */
		7ADCCD931D93BD5B00368F18 /* Frameworks */ = {
			isa = PBXFrameworksBuildPhase;
			buildActionMask = 2147483647;
			files = (
			);
			runOnlyForDeploymentPostprocessing = 0;
		};
		7ADCCDA41D93BD5B00368F18 /* Frameworks */ = {
			isa = PBXFrameworksBuildPhase;
			buildActionMask = 2147483647;
			files = (
			);
			runOnlyForDeploymentPostprocessing = 0;
		};
		7ADCCDAF1D93BD5B00368F18 /* Frameworks */ = {
			isa = PBXFrameworksBuildPhase;
			buildActionMask = 2147483647;
			files = (
			);
			runOnlyForDeploymentPostprocessing = 0;
		};
/* End PBXFrameworksBuildPhase section */

/* Begin PBXGroup section */
		7ADCCD8D1D93BD5B00368F18 = {
			isa = PBXGroup;
			children = (
				7ADCCD981D93BD5B00368F18 /* hahahaha */,
				7ADCCDAA1D93BD5B00368F18 /* hahahahaTests */,
				7ADCCDB51D93BD5B00368F18 /* hahahahaUITests */,
				7ADCCD971D93BD5B00368F18 /* Products */,
			);
			sourceTree = "<group>";
		};
		7ADCCD971D93BD5B00368F18 /* Products */ = {
			isa = PBXGroup;
			children = (
				7ADCCD961D93BD5B00368F18 /* cashminer.app */,
				7ADCCDA71D93BD5B00368F18 /* cashminer.xctest */,
				7ADCCDB21D93BD5B00368F18 /* cashminer.xctest */,
			);
			name = Products;
			sourceTree = "<group>";
		};
		7ADCCD981D93BD5B00368F18 /* hahahaha */ = {
			isa = PBXGroup;
			children = (
				7ADCCD991D93BD5B00368F18 /* AppDelegate.swift */,
				7AF6E0631DC0E68B002C73CF /* Menu.xib */,
				7ADCCD9D1D93BD5B00368F18 /* Assets.xcassets */,
				7ADCCDA21D93BD5B00368F18 /* Info.plist */,
				7AF6E0611DC083F4002C73CF /* statusMenu.xib */,
				7AF6E0651DC0E756002C73CF /* MainMenu.xib */,
			);
			path = hahahaha;
			sourceTree = "<group>";
		};
		7ADCCDAA1D93BD5B00368F18 /* hahahahaTests */ = {
			isa = PBXGroup;
			children = (
				7ADCCDAB1D93BD5B00368F18 /* hahahahaTests.swift */,
				7ADCCDAD1D93BD5B00368F18 /* Info.plist */,
			);
			path = hahahahaTests;
			sourceTree = "<group>";
		};
		7ADCCDB51D93BD5B00368F18 /* hahahahaUITests */ = {
			isa = PBXGroup;
			children = (
				7ADCCDB61D93BD5B00368F18 /* hahahahaUITests.swift */,
				7ADCCDB81D93BD5B00368F18 /* Info.plist */,
			);
			path = hahahahaUITests;
			sourceTree = "<group>";
		};
/* End PBXGroup section */

/* Begin PBXNativeTarget section */
		7ADCCD951D93BD5B00368F18 /* cashminer */ = {
			isa = PBXNativeTarget;
			buildConfigurationList = 7ADCCDBB1D93BD5B00368F18 /* Build configuration list for PBXNativeTarget "cashminer" */;
			buildPhases = (
				7ADCCD921D93BD5B00368F18 /* Sources */,
				7ADCCD931D93BD5B00368F18 /* Frameworks */,
				7ADCCD941D93BD5B00368F18 /* Resources */,
			);
			buildRules = (
			);
			dependencies = (
			);
			name = cashminer;
			productName = hahahaha;
			productReference = 7ADCCD961D93BD5B00368F18 /* cashminer.app */;
			productType = "com.apple.product-type.application";
		};
		7ADCCDA61D93BD5B00368F18 /* cashminerTests */ = {
			isa = PBXNativeTarget;
			buildConfigurationList = 7ADCCDBE1D93BD5B00368F18 /* Build configuration list for PBXNativeTarget "cashminerTests" */;
			buildPhases = (
				7ADCCDA31D93BD5B00368F18 /* Sources */,
				7ADCCDA41D93BD5B00368F18 /* Frameworks */,
				7ADCCDA51D93BD5B00368F18 /* Resources */,
			);
			buildRules = (
			);
			dependencies = (
				7ADCCDA91D93BD5B00368F18 /* PBXTargetDependency */,
			);
			name = cashminerTests;
			productName = hahahahaTests;
			productReference = 7ADCCDA71D93BD5B00368F18 /* cashminer.xctest */;
			productType = "com.apple.product-type.bundle.unit-test";
		};
		7ADCCDB11D93BD5B00368F18 /* cashminerUITests */ = {
			isa = PBXNativeTarget;
			buildConfigurationList = 7ADCCDC11D93BD5B00368F18 /* Build configuration list for PBXNativeTarget "cashminerUITests" */;
			buildPhases = (
				7ADCCDAE1D93BD5B00368F18 /* Sources */,
				7ADCCDAF1D93BD5B00368F18 /* Frameworks */,
				7ADCCDB01D93BD5B00368F18 /* Resources */,
			);
			buildRules = (
			);
			dependencies = (
				7ADCCDB41D93BD5B00368F18 /* PBXTargetDependency */,
			);
			name = cashminerUITests;
			productName = hahahahaUITests;
			productReference = 7ADCCDB21D93BD5B00368F18 /* cashminer.xctest */;
			productType = "com.apple.product-type.bundle.ui-testing";
		};
/* End PBXNativeTarget section */

/* Begin PBXProject section */
		7ADCCD8E1D93BD5B00368F18 /* Project object */ = {
			isa = PBXProject;
			attributes = {
				LastSwiftUpdateCheck = 0730;
				LastUpgradeCheck = 0730;
				ORGANIZATIONNAME = narin;
				TargetAttributes = {
					7ADCCD951D93BD5B00368F18 = {
						CreatedOnToolsVersion = 7.3;
					};
					7ADCCDA61D93BD5B00368F18 = {
						CreatedOnToolsVersion = 7.3;
						TestTargetID = 7ADCCD951D93BD5B00368F18;
					};
					7ADCCDB11D93BD5B00368F18 = {
						CreatedOnToolsVersion = 7.3;
						TestTargetID = 7ADCCD951D93BD5B00368F18;
					};
				};
			};
			buildConfigurationList = 7ADCCD911D93BD5B00368F18 /* Build configuration list for PBXProject "cashminer" */;
			compatibilityVersion = "Xcode 3.2";
			developmentRegion = English;
			hasScannedForEncodings = 0;
			knownRegions = (
				en,
				Base,
			);
			mainGroup = 7ADCCD8D1D93BD5B00368F18;
			productRefGroup = 7ADCCD971D93BD5B00368F18 /* Products */;
			projectDirPath = "";
			projectRoot = "";
			targets = (
				7ADCCD951D93BD5B00368F18 /* cashminer */,
				7ADCCDA61D93BD5B00368F18 /* cashminerTests */,
				7ADCCDB11D93BD5B00368F18 /* cashminerUITests */,
			);
		};
/* End PBXProject section */

/* Begin PBXResourcesBuildPhase section */
		7ADCCD941D93BD5B00368F18 /* Resources */ = {
			isa = PBXResourcesBuildPhase;
			buildActionMask = 2147483647;
			files = (
				7ADCCD9E1D93BD5B00368F18 /* Assets.xcassets in Resources */,
				7AF6E0641DC0E68B002C73CF /* Menu.xib in Resources */,
				7AF6E0621DC083F4002C73CF /* statusMenu.xib in Resources */,
				7AF6E0661DC0E756002C73CF /* MainMenu.xib in Resources */,
			);
			runOnlyForDeploymentPostprocessing = 0;
		};
		7ADCCDA51D93BD5B00368F18 /* Resources */ = {
			isa = PBXResourcesBuildPhase;
			buildActionMask = 2147483647;
			files = (
			);
			runOnlyForDeploymentPostprocessing = 0;
		};
		7ADCCDB01D93BD5B00368F18 /* Resources */ = {
			isa = PBXResourcesBuildPhase;
			buildActionMask = 2147483647;
			files = (
			);
			runOnlyForDeploymentPostprocessing = 0;
		};
/* End PBXResourcesBuildPhase section */

/* Begin PBXSourcesBuildPhase section */
		7ADCCD921D93BD5B00368F18 /* Sources */ = {
			isa = PBXSourcesBuildPhase;
			buildActionMask = 2147483647;
			files = (
				7ADCCD9A1D93BD5B00368F18 /* AppDelegate.swift in Sources */,
			);
			runOnlyForDeploymentPostprocessing = 0;
		};
		7ADCCDA31D93BD5B00368F18 /* Sources */ = {
			isa = PBXSourcesBuildPhase;
			buildActionMask = 2147483647;
			files = (
				7ADCCDAC1D93BD5B00368F18 /* hahahahaTests.swift in Sources */,
			);
			runOnlyForDeploymentPostprocessing = 0;
		};
		7ADCCDAE1D93BD5B00368F18 /* Sources */ = {
			isa = PBXSourcesBuildPhase;
			buildActionMask = 2147483647;
			files = (
				7ADCCDB71D93BD5B00368F18 /* hahahahaUITests.swift in Sources */,
			);
			runOnlyForDeploymentPostprocessing = 0;
		};
/* End PBXSourcesBuildPhase section */

/* Begin PBXTargetDependency section */
		7ADCCDA91D93BD5B00368F18 /* PBXTargetDependency */ = {
			isa = PBXTargetDependency;
			target = 7ADCCD951D93BD5B00368F18 /* cashminer */;
			targetProxy = 7ADCCDA81D93BD5B00368F18 /* PBXContainerItemProxy */;
		};
		7ADCCDB41D93BD5B00368F18 /* PBXTargetDependency */ = {
			isa = PBXTargetDependency;
			target = 7ADCCD951D93BD5B00368F18 /* cashminer */;
			targetProxy = 7ADCCDB31D93BD5B00368F18 /* PBXContainerItemProxy */;
		};
/* End PBXTargetDependency section */

/* Begin XCBuildConfiguration section */
		7ADCCDB91D93BD5B00368F18 /* Debug */ = {
			isa = XCBuildConfiguration;
			buildSettings = {
				ALWAYS_SEARCH_USER_PATHS = NO;
				CLANG_ANALYZER_NONNULL = YES;
				CLANG_CXX_LANGUAGE_STANDARD = "gnu++0x";
				CLANG_CXX_LIBRARY = "libc++";
				CLANG_ENABLE_MODULES = YES;
				CLANG_ENABLE_OBJC_ARC = YES;
				CLANG_WARN_BOOL_CONVERSION = YES;
				CLANG_WARN_CONSTANT_CONVERSION = YES;
				CLANG_WARN_DIRECT_OBJC_ISA_USAGE = YES_ERROR;
				CLANG_WARN_EMPTY_BODY = YES;
				CLANG_WARN_ENUM_CONVERSION = YES;
				CLANG_WARN_INT_CONVERSION = YES;
				CLANG_WARN_OBJC_ROOT_CLASS = YES_ERROR;
				CLANG_WARN_UNREACHABLE_CODE = YES;
				CLANG_WARN__DUPLICATE_METHOD_MATCH = YES;
				CODE_SIGN_IDENTITY = "-";
				COPY_PHASE_STRIP = NO;
				DEBUG_INFORMATION_FORMAT = dwarf;
				ENABLE_STRICT_OBJC_MSGSEND = YES;
				ENABLE_TESTABILITY = YES;
				GCC_C_LANGUAGE_STANDARD = gnu99;
				GCC_DYNAMIC_NO_PIC = NO;
				GCC_NO_COMMON_BLOCKS = YES;
				GCC_OPTIMIZATION_LEVEL = 0;
				GCC_PREPROCESSOR_DEFINITIONS = (
					"DEBUG=1",
					"$(inherited)",
				);
				GCC_WARN_64_TO_32_BIT_CONVERSION = YES;
				GCC_WARN_ABOUT_RETURN_TYPE = YES_ERROR;
				GCC_WARN_UNDECLARED_SELECTOR = YES;
				GCC_WARN_UNINITIALIZED_AUTOS = YES_AGGRESSIVE;
				GCC_WARN_UNUSED_FUNCTION = YES;
				GCC_WARN_UNUSED_VARIABLE = YES;
				MACOSX_DEPLOYMENT_TARGET = 10.11;
				MTL_ENABLE_DEBUG_INFO = YES;
				ONLY_ACTIVE_ARCH = YES;
				SDKROOT = macosx;
				SWIFT_OPTIMIZATION_LEVEL = "-Onone";
			};
			name = Debug;
		};
		7ADCCDBA1D93BD5B00368F18 /* Release */ = {
			isa = XCBuildConfiguration;
			buildSettings = {
				ALWAYS_SEARCH_USER_PATHS = NO;
				CLANG_ANALYZER_NONNULL = YES;
				CLANG_CXX_LANGUAGE_STANDARD = "gnu++0x";
				CLANG_CXX_LIBRARY = "libc++";
				CLANG_ENABLE_MODULES = YES;
				CLANG_ENABLE_OBJC_ARC = YES;
				CLANG_WARN_BOOL_CONVERSION = YES;
				CLANG_WARN_CONSTANT_CONVERSION = YES;
				CLANG_WARN_DIRECT_OBJC_ISA_USAGE = YES_ERROR;
				CLANG_WARN_EMPTY_BODY = YES;
				CLANG_WARN_ENUM_CONVERSION = YES;
				CLANG_WARN_INT_CONVERSION = YES;
				CLANG_WARN_OBJC_ROOT_CLASS = YES_ERROR;
				CLANG_WARN_UNREACHABLE_CODE = YES;
				CLANG_WARN__DUPLICATE_METHOD_MATCH = YES;
				CODE_SIGN_IDENTITY = "-";
				COPY_PHASE_STRIP = NO;
				DEBUG_INFORMATION_FORMAT = "dwarf-with-dsym";
				ENABLE_NS_ASSERTIONS = NO;
				ENABLE_STRICT_OBJC_MSGSEND = YES;
				GCC_C_LANGUAGE_STANDARD = gnu99;
				GCC_NO_COMMON_BLOCKS = YES;
				GCC_WARN_64_TO_32_BIT_CONVERSION = YES;
				GCC_WARN_ABOUT_RETURN_TYPE = YES_ERROR;
				GCC_WARN_UNDECLARED_SELECTOR = YES;
				GCC_WARN_UNINITIALIZED_AUTOS = YES_AGGRESSIVE;
				GCC_WARN_UNUSED_FUNCTION = YES;
				GCC_WARN_UNUSED_VARIABLE = YES;
				MACOSX_DEPLOYMENT_TARGET = 10.11;
				MTL_ENABLE_DEBUG_INFO = NO;
				SDKROOT = macosx;
			};
			name = Release;
		};
		7ADCCDBC1D93BD5B00368F18 /* Debug */ = {
			isa = XCBuildConfiguration;
			buildSettings = {
				ASSETCATALOG_COMPILER_APPICON_NAME = AppIcon;
				COMBINE_HIDPI_IMAGES = YES;
				INFOPLIST_FILE = hahahaha/Info.plist;
				LD_RUNPATH_SEARCH_PATHS = "$(inherited) @executable_path/../Frameworks";
				PRODUCT_BUNDLE_IDENTIFIER = com.narin.hahahaha;
				PRODUCT_NAME = cashminer;
			};
			name = Debug;
		};
		7ADCCDBD1D93BD5B00368F18 /* Release */ = {
			isa = XCBuildConfiguration;
			buildSettings = {
				ASSETCATALOG_COMPILER_APPICON_NAME = AppIcon;
				COMBINE_HIDPI_IMAGES = YES;
				INFOPLIST_FILE = hahahaha/Info.plist;
				LD_RUNPATH_SEARCH_PATHS = "$(inherited) @executable_path/../Frameworks";
				PRODUCT_BUNDLE_IDENTIFIER = com.narin.hahahaha;
				PRODUCT_NAME = cashminer;
			};
			name = Release;
		};
		7ADCCDBF1D93BD5B00368F18 /* Debug */ = {
			isa = XCBuildConfiguration;
			buildSettings = {
				BUNDLE_LOADER = "$(TEST_HOST)";
				COMBINE_HIDPI_IMAGES = YES;
				INFOPLIST_FILE = hahahahaTests/Info.plist;
				LD_RUNPATH_SEARCH_PATHS = "$(inherited) @executable_path/../Frameworks @loader_path/../Frameworks";
				PRODUCT_BUNDLE_IDENTIFIER = com.narin.hahahahaTests;
				PRODUCT_NAME = cashminer;
				TEST_HOST = "$(BUILT_PRODUCTS_DIR)/cashminer.app/Contents/MacOS/cashminer";
			};
			name = Debug;
		};
		7ADCCDC01D93BD5B00368F18 /* Release */ = {
			isa = XCBuildConfiguration;
			buildSettings = {
				BUNDLE_LOADER = "$(TEST_HOST)";
				COMBINE_HIDPI_IMAGES = YES;
				INFOPLIST_FILE = hahahahaTests/Info.plist;
				LD_RUNPATH_SEARCH_PATHS = "$(inherited) @executable_path/../Frameworks @loader_path/../Frameworks";
				PRODUCT_BUNDLE_IDENTIFIER = com.narin.hahahahaTests;
				PRODUCT_NAME = cashminer;
				TEST_HOST = "$(BUILT_PRODUCTS_DIR)/cashminer.app/Contents/MacOS/cashminer";
			};
			name = Release;
		};
		7ADCCDC21D93BD5B00368F18 /* Debug */ = {
			isa = XCBuildConfiguration;
			buildSettings = {
				COMBINE_HIDPI_IMAGES = YES;
				INFOPLIST_FILE = hahahahaUITests/Info.plist;
				LD_RUNPATH_SEARCH_PATHS = "$(inherited) @executable_path/../Frameworks @loader_path/../Frameworks";
				PRODUCT_BUNDLE_IDENTIFIER = com.narin.hahahahaUITests;
				PRODUCT_NAME = cashminer;
				TEST_TARGET_NAME = hahahaha;
			};
			name = Debug;
		};
		7ADCCDC31D93BD5B00368F18 /* Release */ = {
			isa = XCBuildConfiguration;
			buildSettings = {
				COMBINE_HIDPI_IMAGES = YES;
				INFOPLIST_FILE = hahahahaUITests/Info.plist;
				LD_RUNPATH_SEARCH_PATHS = "$(inherited) @executable_path/../Frameworks @loader_path/../Frameworks";
				PRODUCT_BUNDLE_IDENTIFIER = com.narin.hahahahaUITests;
				PRODUCT_NAME = cashminer;
				TEST_TARGET_NAME = hahahaha;
			};
			name = Release;
		};
/* End XCBuildConfiguration section */

/* Begin XCConfigurationList section */
		7ADCCD911D93BD5B00368F18 /* Build configuration list for PBXProject "cashminer" */ = {
			isa = XCConfigurationList;
			buildConfigurations = (
				7ADCCDB91D93BD5B00368F18 /* Debug */,
				7ADCCDBA1D93BD5B00368F18 /* Release */,
			);
			defaultConfigurationIsVisible = 0;
			defaultConfigurationName = Release;
		};
		7ADCCDBB1D93BD5B00368F18 /* Build configuration list for PBXNativeTarget "cashminer" */ = {
			isa = XCConfigurationList;
			buildConfigurations = (
				7ADCCDBC1D93BD5B00368F18 /* Debug */,
				7ADCCDBD1D93BD5B00368F18 /* Release */,
			);
			defaultConfigurationIsVisible = 0;
			defaultConfigurationName = Release;
		};
		7ADCCDBE1D93BD5B00368F18 /* Build configuration list for PBXNativeTarget "cashminerTests" */ = {
			isa = XCConfigurationList;
			buildConfigurations = (
				7ADCCDBF1D93BD5B00368F18 /* Debug */,
				7ADCCDC01D93BD5B00368F18 /* Release */,
			);
			defaultConfigurationIsVisible = 0;
			defaultConfigurationName = Release;
		};
		7ADCCDC11D93BD5B00368F18 /* Build configuration list for PBXNativeTarget "cashminerUITests" */ = {
			isa = XCConfigurationList;
			buildConfigurations = (
				7ADCCDC21D93BD5B00368F18 /* Debug */,
				7ADCCDC31D93BD5B00368F18 /* Release */,
			);
			defaultConfigurationIsVisible = 0;
			defaultConfigurationName = Release;
		};
/* End XCConfigurationList section */
	};
	rootObject = 7ADCCD8E1D93BD5B00368F18 /* Project object */;
}
